<?xml version="1.0" encoding="utf-8"?>
<Project ToolsVersion="4.0" xmlns="http://schemas.microsoft.com/developer/msbuild/2003">
  <ItemGroup>
    <Text Include="ReadMe.txt" />
  </ItemGroup>
  <ItemGroup>
    <Filter Include="native_controls">
      <UniqueIdentifier>{ed3f4566-4684-4888-8442-69ad09241297}</UniqueIdentifier>
    </Filter>
    <Filter Include="paintable_controls">
      <UniqueIdentifier>{e5040b54-62f2-4832-ae8f-d000018d9da5}</UniqueIdentifier>
    </Filter>
    <Filter Include="event_system">
      <UniqueIdentifier>{afa6ea7f-9998-4432-afb5-167e41e65e8b}</UniqueIdentifier>
    </Filter>
  </ItemGroup>
  <ItemGroup>
    <ClCompile Include="native_controls\window.cpp">
      <Filter>native_controls</Filter>
    </ClCompile>
    <ClCompile Include="frame_object.cpp" />
    <ClCompile Include="native_controls\native_control.cpp">
      <Filter>native_controls</Filter>
    </ClCompile>
    <ClCompile Include="event_system\key_event.h">
      <Filter>event_system</Filter>
    </ClCompile>
    <ClCompile Include="native_controls\native_control_win.cpp">
      <Filter>native_controls</Filter>
    </ClCompile>
  </ItemGroup>
  <ItemGroup>
    <ClInclude Include="native_controls\window.h">
      <Filter>native_controls</Filter>
    </ClInclude>
    <ClInclude Include="frame_object.h" />
    <ClInclude Include="native_controls\native_control.h">
      <Filter>native_controls</Filter>
    </ClInclude>
    <ClInclude Include="afx.h" />
    <ClInclude Include="event_system\mouse_listener.h">
      <Filter>event_system</Filter>
    </ClInclude>
    <ClInclude Include="event_system\mouse_event.h">
      <Filter>event_system</Filter>
    </ClInclude>
    <ClInclude Include="event_system\key_listener.h">
      <Filter>event_system</Filter>
    </ClInclude>
  </ItemGroup>
</Project>